// !$*UTF8*$!
{
	archiveVersion = 1;
	classes = {
	};
	objectVersion = 56;
	objects = {

/* Begin PBXBuildFile section */
		A00000000000000000000001 /* CumulusApp.swift in Sources */ = {isa = PBXBuildFile; fileRef = B00000000000000000000001 /* CumulusApp.swift */; };
		A00000000000000000000002 /* ContentView.swift in Sources */ = {isa = PBXBuildFile; fileRef = B00000000000000000000002 /* ContentView.swift */; };
		A00000000000000000000003 /* MotionMonitor.swift in Sources */ = {isa = PBXBuildFile; fileRef = B00000000000000000000003 /* MotionMonitor.swift */; };
		A00000000000000000000004 /* HeartRateReader.swift in Sources */ = {isa = PBXBuildFile; fileRef = B00000000000000000000004 /* HeartRateReader.swift */; };
		A00000000000000000000005 /* Assets.xcassets in Resources */ = {isa = PBXBuildFile; fileRef = B00000000000000000000005 /* Assets.xcassets */; };
		A00000000000000000000009 /* WatchAppDelegate.swift in Sources */ = {isa = PBXBuildFile; fileRef = B00000000000000000000009 /* WatchAppDelegate.swift */; };
		A0000000000000000000000A /* ExperimentChooserView.swift in Sources */ = {isa = PBXBuildFile; fileRef = B0000000000000000000000A /* ExperimentChooserView.swift */; };
		A0000000000000000000000B /* ScheduledAlertCoordinator.swift in Sources */ = {isa = PBXBuildFile; fileRef = B0000000000000000000000B /* ScheduledAlertCoordinator.swift */; };
		A0000000000000000000000C /* ScheduledAlertView.swift in Sources */ = {isa = PBXBuildFile; fileRef = B0000000000000000000000C /* ScheduledAlertView.swift */; };
		A0000000000000000000000D /* BackgroundMotionCoordinator.swift in Sources */ = {isa = PBXBuildFile; fileRef = B0000000000000000000000D /* BackgroundMotionCoordinator.swift */; };
		A0000000000000000000000E /* BackgroundMotionTrial.swift in Sources */ = {isa = PBXBuildFile; fileRef = B0000000000000000000000E /* BackgroundMotionTrial.swift */; };
		A0000000000000000000000F /* BackgroundMotionView.swift in Sources */ = {isa = PBXBuildFile; fileRef = B0000000000000000000000F /* BackgroundMotionView.swift */; };
		A00000000000000000000010 /* ExperimentSessionOwner.swift in Sources */ = {isa = PBXBuildFile; fileRef = B00000000000000000000010 /* ExperimentSessionOwner.swift */; };
		A00000000000000000000011 /* SleepStageReader.swift in Sources */ = {isa = PBXBuildFile; fileRef = B00000000000000000000011 /* SleepStageReader.swift */; };
		A00000000000000000000012 /* SleepHistoryView.swift in Sources */ = {isa = PBXBuildFile; fileRef = B00000000000000000000012 /* SleepHistoryView.swift */; };
		A00000000000000000000013 /* ExperimentStyle.swift in Sources */ = {isa = PBXBuildFile; fileRef = B00000000000000000000013 /* ExperimentStyle.swift */; };
		A00000000000000000000014 /* CardiacHistoryReader.swift in Sources */ = {isa = PBXBuildFile; fileRef = B00000000000000000000014 /* CardiacHistoryReader.swift */; };
		A00000000000000000000015 /* CardiacHistoryView.swift in Sources */ = {isa = PBXBuildFile; fileRef = B00000000000000000000015 /* CardiacHistoryView.swift */; };
		A00000000000000000000016 /* OvernightMotionTrial.swift in Sources */ = {isa = PBXBuildFile; fileRef = B00000000000000000000016 /* OvernightMotionTrial.swift */; };
		A00000000000000000000017 /* OvernightMotionRecorder.swift in Sources */ = {isa = PBXBuildFile; fileRef = B00000000000000000000017 /* OvernightMotionRecorder.swift */; };
		A00000000000000000000018 /* OvernightMotionCoordinator.swift in Sources */ = {isa = PBXBuildFile; fileRef = B00000000000000000000018 /* OvernightMotionCoordinator.swift */; };
		A00000000000000000000019 /* OvernightMotionView.swift in Sources */ = {isa = PBXBuildFile; fileRef = B00000000000000000000019 /* OvernightMotionView.swift */; };
/* End PBXBuildFile section */

/* Begin PBXFileReference section */
		B00000000000000000000001 /* CumulusApp.swift */ = {isa = PBXFileReference; lastKnownFileType = sourcecode.swift; path = CumulusApp.swift; sourceTree = "<group>"; };
		B00000000000000000000002 /* ContentView.swift */ = {isa = PBXFileReference; lastKnownFileType = sourcecode.swift; path = ContentView.swift; sourceTree = "<group>"; };
		B00000000000000000000003 /* MotionMonitor.swift */ = {isa = PBXFileReference; lastKnownFileType = sourcecode.swift; path = MotionMonitor.swift; sourceTree = "<group>"; };
		B00000000000000000000004 /* HeartRateReader.swift */ = {isa = PBXFileReference; lastKnownFileType = sourcecode.swift; path = HeartRateReader.swift; sourceTree = "<group>"; };
		B00000000000000000000005 /* Assets.xcassets */ = {isa = PBXFileReference; lastKnownFileType = folder.assetcatalog; path = Assets.xcassets; sourceTree = "<group>"; };
		B00000000000000000000006 /* Info.plist */ = {isa = PBXFileReference; lastKnownFileType = text.plist.xml; path = Info.plist; sourceTree = "<group>"; };
		B00000000000000000000007 /* Cumulus.entitlements */ = {isa = PBXFileReference; lastKnownFileType = text.plist.entitlements; path = Cumulus.entitlements; sourceTree = "<group>"; };
		B00000000000000000000008 /* Cumulus.app */ = {isa = PBXFileReference; explicitFileType = wrapper.application; includeInIndex = 0; path = Cumulus.app; sourceTree = BUILT_PRODUCTS_DIR; };
		B00000000000000000000009 /* WatchAppDelegate.swift */ = {isa = PBXFileReference; lastKnownFileType = sourcecode.swift; path = WatchAppDelegate.swift; sourceTree = "<group>"; };
		B0000000000000000000000A /* ExperimentChooserView.swift */ = {isa = PBXFileReference; lastKnownFileType = sourcecode.swift; path = ExperimentChooserView.swift; sourceTree = "<group>"; };
		B0000000000000000000000B /* ScheduledAlertCoordinator.swift */ = {isa = PBXFileReference; lastKnownFileType = sourcecode.swift; path = ScheduledAlertCoordinator.swift; sourceTree = "<group>"; };
		B0000000000000000000000C /* ScheduledAlertView.swift */ = {isa = PBXFileReference; lastKnownFileType = sourcecode.swift; path = ScheduledAlertView.swift; sourceTree = "<group>"; };
		B0000000000000000000000D /* BackgroundMotionCoordinator.swift */ = {isa = PBXFileReference; lastKnownFileType = sourcecode.swift; path = BackgroundMotionCoordinator.swift; sourceTree = "<group>"; };
		B0000000000000000000000E /* BackgroundMotionTrial.swift */ = {isa = PBXFileReference; lastKnownFileType = sourcecode.swift; path = BackgroundMotionTrial.swift; sourceTree = "<group>"; };
		B0000000000000000000000F /* BackgroundMotionView.swift */ = {isa = PBXFileReference; lastKnownFileType = sourcecode.swift; path = BackgroundMotionView.swift; sourceTree = "<group>"; };
		B00000000000000000000010 /* ExperimentSessionOwner.swift */ = {isa = PBXFileReference; lastKnownFileType = sourcecode.swift; path = ExperimentSessionOwner.swift; sourceTree = "<group>"; };
		B00000000000000000000011 /* SleepStageReader.swift */ = {isa = PBXFileReference; lastKnownFileType = sourcecode.swift; path = SleepStageReader.swift; sourceTree = "<group>"; };
		B00000000000000000000012 /* SleepHistoryView.swift */ = {isa = PBXFileReference; lastKnownFileType = sourcecode.swift; path = SleepHistoryView.swift; sourceTree = "<group>"; };
		B00000000000000000000013 /* ExperimentStyle.swift */ = {isa = PBXFileReference; lastKnownFileType = sourcecode.swift; path = ExperimentStyle.swift; sourceTree = "<group>"; };
		B00000000000000000000014 /* CardiacHistoryReader.swift */ = {isa = PBXFileReference; lastKnownFileType = sourcecode.swift; path = CardiacHistoryReader.swift; sourceTree = "<group>"; };
		B00000000000000000000015 /* CardiacHistoryView.swift */ = {isa = PBXFileReference; lastKnownFileType = sourcecode.swift; path = CardiacHistoryView.swift; sourceTree = "<group>"; };
		B00000000000000000000016 /* OvernightMotionTrial.swift */ = {isa = PBXFileReference; lastKnownFileType = sourcecode.swift; path = OvernightMotionTrial.swift; sourceTree = "<group>"; };
		B00000000000000000000017 /* OvernightMotionRecorder.swift */ = {isa = PBXFileReference; lastKnownFileType = sourcecode.swift; path = OvernightMotionRecorder.swift; sourceTree = "<group>"; };
		B00000000000000000000018 /* OvernightMotionCoordinator.swift */ = {isa = PBXFileReference; lastKnownFileType = sourcecode.swift; path = OvernightMotionCoordinator.swift; sourceTree = "<group>"; };
		B00000000000000000000019 /* OvernightMotionView.swift */ = {isa = PBXFileReference; lastKnownFileType = sourcecode.swift; path = OvernightMotionView.swift; sourceTree = "<group>"; };
/* End PBXFileReference section */

/* Begin PBXFrameworksBuildPhase section */
		C00000000000000000000001 /* Frameworks */ = {
			isa = PBXFrameworksBuildPhase;
			buildActionMask = 2147483647;
			files = (
			);
			runOnlyForDeploymentPostprocessing = 0;
		};
/* End PBXFrameworksBuildPhase section */

/* Begin PBXGroup section */
		D00000000000000000000001 = {
			isa = PBXGroup;
			children = (
				D00000000000000000000002 /* Cumulus Watch App */,
				D00000000000000000000003 /* Products */,
			);
			sourceTree = "<group>";
		};
		D00000000000000000000002 /* Cumulus Watch App */ = {
			isa = PBXGroup;
			children = (
				D00000000000000000000004 /* App */,
				D00000000000000000000005 /* Foreground probe */,
				D00000000000000000000006 /* Scheduled alert */,
				D00000000000000000000007 /* Background motion */,
				D00000000000000000000008 /* Sleep history */,
				D0000000000000000000000A /* Cardiac history */,
				D0000000000000000000000B /* Overnight motion */,
				D00000000000000000000009 /* Resources */,
			);
			path = "Cumulus Watch App";
			sourceTree = "<group>";
		};
		D00000000000000000000003 /* Products */ = {
			isa = PBXGroup;
			children = (
				B00000000000000000000008 /* Cumulus.app */,
			);
			name = Products;
			sourceTree = "<group>";
		};
		D00000000000000000000004 /* App */ = {
			isa = PBXGroup;
			children = (
				B00000000000000000000001 /* CumulusApp.swift */,
				B00000000000000000000013 /* ExperimentStyle.swift */,
				B0000000000000000000000A /* ExperimentChooserView.swift */,
				B00000000000000000000009 /* WatchAppDelegate.swift */,
				B00000000000000000000010 /* ExperimentSessionOwner.swift */,
			);
			name = "App";
			sourceTree = "<group>";
		};
		D00000000000000000000005 /* Foreground probe */ = {
			isa = PBXGroup;
			children = (
				B00000000000000000000002 /* ContentView.swift */,
				B00000000000000000000003 /* MotionMonitor.swift */,
				B00000000000000000000004 /* HeartRateReader.swift */,
			);
			name = "Foreground probe";
			sourceTree = "<group>";
		};
		D00000000000000000000006 /* Scheduled alert */ = {
			isa = PBXGroup;
			children = (
				B0000000000000000000000C /* ScheduledAlertView.swift */,
				B0000000000000000000000B /* ScheduledAlertCoordinator.swift */,
			);
			name = "Scheduled alert";
			sourceTree = "<group>";
		};
		D00000000000000000000007 /* Background motion */ = {
			isa = PBXGroup;
			children = (
				B0000000000000000000000F /* BackgroundMotionView.swift */,
				B0000000000000000000000D /* BackgroundMotionCoordinator.swift */,
				B0000000000000000000000E /* BackgroundMotionTrial.swift */,
			);
			name = "Background motion";
			sourceTree = "<group>";
		};
		D00000000000000000000008 /* Sleep history */ = {
			isa = PBXGroup;
			children = (
				B00000000000000000000012 /* SleepHistoryView.swift */,
				B00000000000000000000011 /* SleepStageReader.swift */,
			);
			name = "Sleep history";
			sourceTree = "<group>";
		};
		D00000000000000000000009 /* Resources */ = {
			isa = PBXGroup;
			children = (
				B00000000000000000000005 /* Assets.xcassets */,
				B00000000000000000000006 /* Info.plist */,
				B00000000000000000000007 /* Cumulus.entitlements */,
			);
			name = "Resources";
			sourceTree = "<group>";
		};
		D0000000000000000000000A /* Cardiac history */ = {
			isa = PBXGroup;
			children = (
				B00000000000000000000014 /* CardiacHistoryReader.swift */,
				B00000000000000000000015 /* CardiacHistoryView.swift */,
			);
			name = "Cardiac history";
			sourceTree = "<group>";
		};
		D0000000000000000000000B /* Overnight motion */ = {
			isa = PBXGroup;
			children = (
				B00000000000000000000016 /* OvernightMotionTrial.swift */,
				B00000000000000000000017 /* OvernightMotionRecorder.swift */,
				B00000000000000000000018 /* OvernightMotionCoordinator.swift */,
				B00000000000000000000019 /* OvernightMotionView.swift */,
			);
			name = "Overnight motion";
			sourceTree = "<group>";
		};
/* End PBXGroup section */

/* Begin PBXNativeTarget section */
		E00000000000000000000001 /* Cumulus Watch App */ = {
			isa = PBXNativeTarget;
			buildConfigurationList = F00000000000000000000002 /* Build configuration list for PBXNativeTarget "Cumulus Watch App" */;
			buildPhases = (
				C00000000000000000000002 /* Sources */,
				C00000000000000000000001 /* Frameworks */,
				C00000000000000000000003 /* Resources */,
			);
			buildRules = (
			);
			dependencies = (
			);
			name = "Cumulus Watch App";
			productName = Cumulus;
			productReference = B00000000000000000000008 /* Cumulus.app */;
			productType = "com.apple.product-type.application";
		};
/* End PBXNativeTarget section */

/* Begin PBXProject section */
		E00000000000000000000002 /* Project object */ = {
			isa = PBXProject;
			attributes = {
				BuildIndependentTargetsInParallel = YES;
				LastSwiftUpdateCheck = 2700;
				LastUpgradeCheck = 2700;
				TargetAttributes = {
					E00000000000000000000001 = {
						CreatedOnToolsVersion = 27.0;
						SystemCapabilities = {
							com.apple.BackgroundModes = {
								enabled = 1;
							};
							com.apple.HealthKit = {
								enabled = 1;
							};
						};
					};
				};
			};
			buildConfigurationList = F00000000000000000000001 /* Build configuration list for PBXProject "Cumulus" */;
			compatibilityVersion = "Xcode 14.0";
			developmentRegion = en;
			hasScannedForEncodings = 0;
			knownRegions = (
				en,
				Base,
			);
			mainGroup = D00000000000000000000001;
			productRefGroup = D00000000000000000000003 /* Products */;
			projectDirPath = "";
			projectRoot = "";
			targets = (
				E00000000000000000000001 /* Cumulus Watch App */,
			);
		};
/* End PBXProject section */

/* Begin PBXResourcesBuildPhase section */
		C00000000000000000000003 /* Resources */ = {
			isa = PBXResourcesBuildPhase;
			buildActionMask = 2147483647;
			files = (
				A00000000000000000000005 /* Assets.xcassets in Resources */,
			);
			runOnlyForDeploymentPostprocessing = 0;
		};
/* End PBXResourcesBuildPhase section */

/* Begin PBXSourcesBuildPhase section */
		C00000000000000000000002 /* Sources */ = {
			isa = PBXSourcesBuildPhase;
			buildActionMask = 2147483647;
			files = (
				A00000000000000000000016 /* OvernightMotionTrial.swift in Sources */,
				A00000000000000000000017 /* OvernightMotionRecorder.swift in Sources */,
				A00000000000000000000018 /* OvernightMotionCoordinator.swift in Sources */,
				A00000000000000000000019 /* OvernightMotionView.swift in Sources */,
				A0000000000000000000000D /* BackgroundMotionCoordinator.swift in Sources */,
				A0000000000000000000000E /* BackgroundMotionTrial.swift in Sources */,
				A0000000000000000000000F /* BackgroundMotionView.swift in Sources */,
				A00000000000000000000010 /* ExperimentSessionOwner.swift in Sources */,
				A00000000000000000000011 /* SleepStageReader.swift in Sources */,
				A00000000000000000000012 /* SleepHistoryView.swift in Sources */,
				A00000000000000000000001 /* CumulusApp.swift in Sources */,
				A00000000000000000000013 /* ExperimentStyle.swift in Sources */,
				A00000000000000000000015 /* CardiacHistoryView.swift in Sources */,
				A00000000000000000000014 /* CardiacHistoryReader.swift in Sources */,
				A0000000000000000000000C /* ScheduledAlertView.swift in Sources */,
				A0000000000000000000000B /* ScheduledAlertCoordinator.swift in Sources */,
				A0000000000000000000000A /* ExperimentChooserView.swift in Sources */,
				A00000000000000000000009 /* WatchAppDelegate.swift in Sources */,
				A00000000000000000000002 /* ContentView.swift in Sources */,
				A00000000000000000000003 /* MotionMonitor.swift in Sources */,
				A00000000000000000000004 /* HeartRateReader.swift in Sources */,
			);
			runOnlyForDeploymentPostprocessing = 0;
		};
/* End PBXSourcesBuildPhase section */

/* Begin XCBuildConfiguration section */
		F00000000000000000000003 /* Debug */ = {
			isa = XCBuildConfiguration;
			buildSettings = {
				CLANG_ENABLE_MODULES = YES;
				CLANG_ENABLE_OBJC_ARC = YES;
				DEBUG_INFORMATION_FORMAT = dwarf;
				ENABLE_TESTABILITY = YES;
				GCC_OPTIMIZATION_LEVEL = 0;
				SDKROOT = watchos;
				SWIFT_ACTIVE_COMPILATION_CONDITIONS = "DEBUG $(inherited)";
				SWIFT_OPTIMIZATION_LEVEL = "-Onone";
				WATCHOS_DEPLOYMENT_TARGET = 26.6;
			};
			name = Debug;
		};
		F00000000000000000000004 /* Release */ = {
			isa = XCBuildConfiguration;
			buildSettings = {
				CLANG_ENABLE_MODULES = YES;
				CLANG_ENABLE_OBJC_ARC = YES;
				DEBUG_INFORMATION_FORMAT = "dwarf-with-dsym";
				SDKROOT = watchos;
				SWIFT_COMPILATION_MODE = wholemodule;
				SWIFT_OPTIMIZATION_LEVEL = "-O";
				VALIDATE_PRODUCT = YES;
				WATCHOS_DEPLOYMENT_TARGET = 26.6;
			};
			name = Release;
		};
		F00000000000000000000005 /* Debug */ = {
			isa = XCBuildConfiguration;
			buildSettings = {
				ASSETCATALOG_COMPILER_APPICON_NAME = AppIcon;
				ASSETCATALOG_COMPILER_GLOBAL_ACCENT_COLOR_NAME = AccentColor;
				CODE_SIGN_ENTITLEMENTS = "Cumulus Watch App/Cumulus.entitlements";
				CODE_SIGN_STYLE = Automatic;
				CURRENT_PROJECT_VERSION = 3;
				DEVELOPMENT_TEAM = 3U6ZX92DYH;
				ENABLE_PREVIEWS = YES;
				GENERATE_INFOPLIST_FILE = YES;
				INFOPLIST_FILE = "Cumulus Watch App/Info.plist";
				INFOPLIST_KEY_CFBundleDisplayName = Cumulus;
				INFOPLIST_KEY_UISupportedInterfaceOrientations = "UIInterfaceOrientationPortrait UIInterfaceOrientationPortraitUpsideDown";
				LD_RUNPATH_SEARCH_PATHS = (
					"$(inherited)",
					"@executable_path/Frameworks",
				);
				MARKETING_VERSION = 0.1;
				PRODUCT_BUNDLE_IDENTIFIER = com.example.cumulus.watchkitapp;
				PRODUCT_NAME = Cumulus;
				SKIP_INSTALL = YES;
				SUPPORTED_PLATFORMS = "watchos watchsimulator";
				SWIFT_STRICT_CONCURRENCY = complete;
				SWIFT_VERSION = 6.0;
				TARGETED_DEVICE_FAMILY = 4;
			};
			name = Debug;
		};
		F00000000000000000000006 /* Release */ = {
			isa = XCBuildConfiguration;
			buildSettings = {
				ASSETCATALOG_COMPILER_APPICON_NAME = AppIcon;
				ASSETCATALOG_COMPILER_GLOBAL_ACCENT_COLOR_NAME = AccentColor;
				CODE_SIGN_ENTITLEMENTS = "Cumulus Watch App/Cumulus.entitlements";
				CODE_SIGN_STYLE = Automatic;
				CURRENT_PROJECT_VERSION = 3;
				DEVELOPMENT_TEAM = 3U6ZX92DYH;
				ENABLE_PREVIEWS = YES;
				GENERATE_INFOPLIST_FILE = YES;
				INFOPLIST_FILE = "Cumulus Watch App/Info.plist";
				INFOPLIST_KEY_CFBundleDisplayName = Cumulus;
				INFOPLIST_KEY_UISupportedInterfaceOrientations = "UIInterfaceOrientationPortrait UIInterfaceOrientationPortraitUpsideDown";
				LD_RUNPATH_SEARCH_PATHS = (
					"$(inherited)",
					"@executable_path/Frameworks",
				);
				MARKETING_VERSION = 0.1;
				PRODUCT_BUNDLE_IDENTIFIER = com.example.cumulus.watchkitapp;
				PRODUCT_NAME = Cumulus;
				SKIP_INSTALL = YES;
				SUPPORTED_PLATFORMS = "watchos watchsimulator";
				SWIFT_STRICT_CONCURRENCY = complete;
				SWIFT_VERSION = 6.0;
				TARGETED_DEVICE_FAMILY = 4;
			};
			name = Release;
		};
/* End XCBuildConfiguration section */

/* Begin XCConfigurationList section */
		F00000000000000000000001 /* Build configuration list for PBXProject "Cumulus" */ = {
			isa = XCConfigurationList;
			buildConfigurations = (
				F00000000000000000000003 /* Debug */,
				F00000000000000000000004 /* Release */,
			);
			defaultConfigurationIsVisible = 0;
			defaultConfigurationName = Release;
		};
		F00000000000000000000002 /* Build configuration list for PBXNativeTarget "Cumulus Watch App" */ = {
			isa = XCConfigurationList;
			buildConfigurations = (
				F00000000000000000000005 /* Debug */,
				F00000000000000000000006 /* Release */,
			);
			defaultConfigurationIsVisible = 0;
			defaultConfigurationName = Release;
		};
/* End XCConfigurationList section */
	};
	rootObject = E00000000000000000000002 /* Project object */;
}
